// !$*UTF8*$!
{
	archiveVersion = 1;
	classes = {
	};
	objectVersion = 77;
	objects = {

/* Begin PBXContainerItemProxy section */
		5E0741942EA21015007F844F /* PBXContainerItemProxy */ = {
			isa = PBXContainerItemProxy;
			containerPortal = 5E07417E2EA21014007F844F /* Project object */;
			proxyType = 1;
			remoteGlobalIDString = 5E0741852EA21014007F844F;
			remoteInfo = Taqvo;
		};
		5E07419E2EA21015007F844F /* PBXContainerItemProxy */ = {
			isa = PBXContainerItemProxy;
			containerPortal = 5E07417E2EA21014007F844F /* Project object */;
			proxyType = 1;
			remoteGlobalIDString = 5E0741852EA21014007F844F;
			remoteInfo = Taqvo;
		};
/* End PBXContainerItemProxy section */

/* Begin PBXFileReference section */
		5E0741862EA21014007F844F /* Taqvo.app */ = {isa = PBXFileReference; explicitFileType = wrapper.application; includeInIndex = 0; path = Taqvo.app; sourceTree = BUILT_PRODUCTS_DIR; };
		5E0741932EA21015007F844F /* TaqvoTests.xctest */ = {isa = PBXFileReference; explicitFileType = wrapper.cfbundle; includeInIndex = 0; path = TaqvoTests.xctest; sourceTree = BUILT_PRODUCTS_DIR; };
		5E07419D2EA21015007F844F /* TaqvoUITests.xctest */ = {isa = PBXFileReference; explicitFileType = wrapper.cfbundle; includeInIndex = 0; path = TaqvoUITests.xctest; sourceTree = BUILT_PRODUCTS_DIR; };
/* End PBXFileReference section */

/* Begin PBXFileSystemSynchronizedBuildFileExceptionSet section */
		5E7FC0A12EA227CC0016AEEB /* Exceptions for "Taqvo" folder in "Taqvo" target */ = {
			isa = PBXFileSystemSynchronizedBuildFileExceptionSet;
			membershipExceptions = (
				Info.plist,
			);
			target = 5E0741852EA21014007F844F /* Taqvo */;
		};
/* End PBXFileSystemSynchronizedBuildFileExceptionSet section */

/* Begin PBXFileSystemSynchronizedRootGroup section */
		5E0741882EA21014007F844F /* Taqvo */ = {
			isa = PBXFileSystemSynchronizedRootGroup;
			exceptions = (
				5E7FC0A12EA227CC0016AEEB /* Exceptions for "Taqvo" folder in "Taqvo" target */,
			);
			path = Taqvo;
			sourceTree = "<group>";
		};
		5E0741962EA21015007F844F /* TaqvoTests */ = {
			isa = PBXFileSystemSynchronizedRootGroup;
			path = TaqvoTests;
			sourceTree = "<group>";
		};
		5E0741A02EA21015007F844F /* TaqvoUITests */ = {
			isa = PBXFileSystemSynchronizedRootGroup;
			path = TaqvoUITests;
			sourceTree = "<group>";
		};
/* End PBXFileSystemSynchronizedRootGroup section */

/* Begin PBXFrameworksBuildPhase section */
		5E0741832EA21014007F844F /* Frameworks */ = {
			isa = PBXFrameworksBuildPhase;
			buildActionMask = 2147483647;
			files = (
			);
			runOnlyForDeploymentPostprocessing = 0;
		};
		5E0741902EA21015007F844F /* Frameworks */ = {
			isa = PBXFrameworksBuildPhase;
			buildActionMask = 2147483647;
			files = (
			);
			runOnlyForDeploymentPostprocessing = 0;
		};
		5E07419A2EA21015007F844F /* Frameworks */ = {
			isa = PBXFrameworksBuildPhase;
			buildActionMask = 2147483647;
			files = (
			);
			runOnlyForDeploymentPostprocessing = 0;
		};
/* End PBXFrameworksBuildPhase section */

/* Begin PBXGroup section */
		5E07417D2EA21014007F844F = {
			isa = PBXGroup;
			children = (
				5E0741882EA21014007F844F /* Taqvo */,
				5E0741962EA21015007F844F /* TaqvoTests */,
				5E0741A02EA21015007F844F /* TaqvoUITests */,
				5E0741872EA21014007F844F /* Products */,
			);
			sourceTree = "<group>";
		};
		5E0741872EA21014007F844F /* Products */ = {
			isa = PBXGroup;
			children = (
				5E0741862EA21014007F844F /* Taqvo.app */,
				5E0741932EA21015007F844F /* TaqvoTests.xctest */,
				5E07419D2EA21015007F844F /* TaqvoUITests.xctest */,
			);
			name = Products;
			sourceTree = "<group>";
		};
/* End PBXGroup section */

/* Begin PBXNativeTarget section */
		5E0741852EA21014007F844F /* Taqvo */ = {
			isa = PBXNativeTarget;
			buildConfigurationList = 5E0741A72EA21015007F844F /* Build configuration list for PBXNativeTarget "Taqvo" */;
			buildPhases = (
				5E0741822EA21014007F844F /* Sources */,
				5E0741832EA21014007F844F /* Frameworks */,
				5E0741842EA21014007F844F /* Resources */,
			);
			buildRules = (
			);
			dependencies = (
			);
			fileSystemSynchronizedGroups = (
				5E0741882EA21014007F844F /* Taqvo */,
			);
			name = Taqvo;
			packageProductDependencies = (
			);
			productName = Taqvo;
			productReference = 5E0741862EA21014007F844F /* Taqvo.app */;
			productType = "com.apple.product-type.application";
		};
		5E0741922EA21015007F844F /* TaqvoTests */ = {
			isa = PBXNativeTarget;
			buildConfigurationList = 5E0741AA2EA21015007F844F /* Build configuration list for PBXNativeTarget "TaqvoTests" */;
			buildPhases = (
				5E07418F2EA21015007F844F /* Sources */,
				5E0741902EA21015007F844F /* Frameworks */,
				5E0741912EA21015007F844F /* Resources */,
			);
			buildRules = (
			);
			dependencies = (
				5E0741952EA21015007F844F /* PBXTargetDependency */,
			);
			fileSystemSynchronizedGroups = (
				5E0741962EA21015007F844F /* TaqvoTests */,
			);
			name = TaqvoTests;
			packageProductDependencies = (
			);
			productName = TaqvoTests;
			productReference = 5E0741932EA21015007F844F /* TaqvoTests.xctest */;
			productType = "com.apple.product-type.bundle.unit-test";
		};
		5E07419C2EA21015007F844F /* TaqvoUITests */ = {
			isa = PBXNativeTarget;
			buildConfigurationList = 5E0741AD2EA21015007F844F /* Build configuration list for PBXNativeTarget "TaqvoUITests" */;
			buildPhases = (
				5E0741992EA21015007F844F /* Sources */,
				5E07419A2EA21015007F844F /* Frameworks */,
				5E07419B2EA21015007F844F /* Resources */,
			);
			buildRules = (
			);
			dependencies = (
				5E07419F2EA21015007F844F /* PBXTargetDependency */,
			);
			fileSystemSynchronizedGroups = (
				5E0741A02EA21015007F844F /* TaqvoUITests */,
			);
			name = TaqvoUITests;
			packageProductDependencies = (
			);
			productName = TaqvoUITests;
			productReference = 5E07419D2EA21015007F844F /* TaqvoUITests.xctest */;
			productType = "com.apple.product-type.bundle.ui-testing";
		};
/* End PBXNativeTarget section */

/* Begin PBXProject section */
		5E07417E2EA21014007F844F /* Project object */ = {
			isa = PBXProject;
			attributes = {
				BuildIndependentTargetsInParallel = 1;
				LastSwiftUpdateCheck = 1640;
				LastUpgradeCheck = 1640;
				TargetAttributes = {
					5E0741852EA21014007F844F = {
						CreatedOnToolsVersion = 16.4;
					};
					5E0741922EA21015007F844F = {
						CreatedOnToolsVersion = 16.4;
						TestTargetID = 5E0741852EA21014007F844F;
					};
					5E07419C2EA21015007F844F = {
						CreatedOnToolsVersion = 16.4;
						TestTargetID = 5E0741852EA21014007F844F;
					};
				};
			};
			buildConfigurationList = 5E0741812EA21014007F844F /* Build configuration list for PBXProject "Taqvo" */;
			developmentRegion = en;
			hasScannedForEncodings = 0;
			knownRegions = (
				en,
				Base,
			);
			mainGroup = 5E07417D2EA21014007F844F;
			minimizedProjectReferenceProxies = 1;
			preferredProjectObjectVersion = 77;
			productRefGroup = 5E0741872EA21014007F844F /* Products */;
			projectDirPath = "";
			projectRoot = "";
			targets = (
				5E0741852EA21014007F844F /* Taqvo */,
				5E0741922EA21015007F844F /* TaqvoTests */,
				5E07419C2EA21015007F844F /* TaqvoUITests */,
			);
		};
/* End PBXProject section */

/* Begin PBXResourcesBuildPhase section */
		5E0741842EA21014007F844F /* Resources */ = {
			isa = PBXResourcesBuildPhase;
			buildActionMask = 2147483647;
			files = (
			);
			runOnlyForDeploymentPostprocessing = 0;
		};
		5E0741912EA21015007F844F /* Resources */ = {
			isa = PBXResourcesBuildPhase;
			buildActionMask = 2147483647;
			files = (
			);
			runOnlyForDeploymentPostprocessing = 0;
		};
		5E07419B2EA21015007F844F /* Resources */ = {
			isa = PBXResourcesBuildPhase;
			buildActionMask = 2147483647;
			files = (
			);
			runOnlyForDeploymentPostprocessing = 0;
		};
/* End PBXResourcesBuildPhase section */

/* Begin PBXSourcesBuildPhase section */
		5E0741822EA21014007F844F /* Sources */ = {
			isa = PBXSourcesBuildPhase;
			buildActionMask = 2147483647;
			files = (
			);
			runOnlyForDeploymentPostprocessing = 0;
		};
		5E07418F2EA21015007F844F /* Sources */ = {
			isa = PBXSourcesBuildPhase;
			buildActionMask = 2147483647;
			files = (
			);
			runOnlyForDeploymentPostprocessing = 0;
		};
		5E0741992EA21015007F844F /* Sources */ = {
			isa = PBXSourcesBuildPhase;
			buildActionMask = 2147483647;
			files = (
			);
			runOnlyForDeploymentPostprocessing = 0;
		};
/* End PBXSourcesBuildPhase section */

/* Begin PBXTargetDependency section */
		5E0741952EA21015007F844F /* PBXTargetDependency */ = {
			isa = PBXTargetDependency;
			target = 5E0741852EA21014007F844F /* Taqvo */;
			targetProxy = 5E0741942EA21015007F844F /* PBXContainerItemProxy */;
		};
		5E07419F2EA21015007F844F /* PBXTargetDependency */ = {
			isa = PBXTargetDependency;
			target = 5E0741852EA21014007F844F /* Taqvo */;
			targetProxy = 5E07419E2EA21015007F844F /* PBXContainerItemProxy */;
		};
/* End PBXTargetDependency section */

/* Begin XCBuildConfiguration section */
		5E0741A52EA21015007F844F /* Debug */ = {
			isa = XCBuildConfiguration;
			buildSettings = {
				ALWAYS_SEARCH_USER_PATHS = NO;
				ASSETCATALOG_COMPILER_GENERATE_SWIFT_ASSET_SYMBOL_EXTENSIONS = YES;
				CLANG_ANALYZER_NONNULL = YES;
				CLANG_ANALYZER_NUMBER_OBJECT_CONVERSION = YES_AGGRESSIVE;
				CLANG_CXX_LANGUAGE_STANDARD = "gnu++20";
				CLANG_ENABLE_MODULES = YES;
				CLANG_ENABLE_OBJC_ARC = YES;
				CLANG_ENABLE_OBJC_WEAK = YES;
				CLANG_WARN_BLOCK_CAPTURE_AUTORELEASING = YES;
				CLANG_WARN_BOOL_CONVERSION = YES;
				CLANG_WARN_COMMA = YES;
				CLANG_WARN_CONSTANT_CONVERSION = YES;
				CLANG_WARN_DEPRECATED_OBJC_IMPLEMENTATIONS = YES;
				CLANG_WARN_DIRECT_OBJC_ISA_USAGE = YES_ERROR;
				CLANG_WARN_DOCUMENTATION_COMMENTS = YES;
				CLANG_WARN_EMPTY_BODY = YES;
				CLANG_WARN_ENUM_CONVERSION = YES;
				CLANG_WARN_INFINITE_RECURSION = YES;
				CLANG_WARN_INT_CONVERSION = YES;
				CLANG_WARN_NON_LITERAL_NULL_CONVERSION = YES;
				CLANG_WARN_OBJC_IMPLICIT_RETAIN_SELF = YES;
				CLANG_WARN_OBJC_LITERAL_CONVERSION = YES;
				CLANG_WARN_OBJC_ROOT_CLASS = YES_ERROR;
				CLANG_WARN_QUOTED_INCLUDE_IN_FRAMEWORK_HEADER = YES;
				CLANG_WARN_RANGE_LOOP_ANALYSIS = YES;
				CLANG_WARN_STRICT_PROTOTYPES = YES;
				CLANG_WARN_SUSPICIOUS_MOVE = YES;
				CLANG_WARN_UNGUARDED_AVAILABILITY = YES_AGGRESSIVE;
				CLANG_WARN_UNREACHABLE_CODE = YES;
				CLANG_WARN__DUPLICATE_METHOD_MATCH = YES;
				COPY_PHASE_STRIP = NO;
				DEBUG_INFORMATION_FORMAT = dwarf;
				DEVELOPMENT_TEAM = YXXWV4ZNFS;
				ENABLE_STRICT_OBJC_MSGSEND = YES;
				ENABLE_TESTABILITY = YES;
				ENABLE_USER_SCRIPT_SANDBOXING = YES;
				GCC_C_LANGUAGE_STANDARD = gnu17;
				GCC_DYNAMIC_NO_PIC = NO;
				GCC_NO_COMMON_BLOCKS = YES;
				GCC_OPTIMIZATION_LEVEL = 0;
				GCC_PREPROCESSOR_DEFINITIONS = (
					"DEBUG=1",
					"$(inherited)",
				);
				GCC_WARN_64_TO_32_BIT_CONVERSION = YES;
				GCC_WARN_ABOUT_RETURN_TYPE = YES_ERROR;
				GCC_WARN_UNDECLARED_SELECTOR = YES;
				GCC_WARN_UNINITIALIZED_AUTOS = YES_AGGRESSIVE;
				GCC_WARN_UNUSED_FUNCTION = YES;
				GCC_WARN_UNUSED_VARIABLE = YES;
				IPHONEOS_DEPLOYMENT_TARGET = 18.5;
				LOCALIZATION_PREFERS_STRING_CATALOGS = YES;
				MTL_ENABLE_DEBUG_INFO = INCLUDE_SOURCE;
				MTL_FAST_MATH = YES;
				ONLY_ACTIVE_ARCH = YES;
				SDKROOT = iphoneos;
				SWIFT_ACTIVE_COMPILATION_CONDITIONS = "DEBUG $(inherited)";
				SWIFT_OPTIMIZATION_LEVEL = "-Onone";
			};
			name = Debug;
		};
		5E0741A62EA21015007F844F /* Release */ = {
			isa = XCBuildConfiguration;
			buildSettings = {
				ALWAYS_SEARCH_USER_PATHS = NO;
				ASSETCATALOG_COMPILER_GENERATE_SWIFT_ASSET_SYMBOL_EXTENSIONS = YES;
				CLANG_ANALYZER_NONNULL = YES;
				CLANG_ANALYZER_NUMBER_OBJECT_CONVERSION = YES_AGGRESSIVE;
				CLANG_CXX_LANGUAGE_STANDARD = "gnu++20";
				CLANG_ENABLE_MODULES = YES;
				CLANG_ENABLE_OBJC_ARC = YES;
				CLANG_ENABLE_OBJC_WEAK = YES;
				CLANG_WARN_BLOCK_CAPTURE_AUTORELEASING = YES;
				CLANG_WARN_BOOL_CONVERSION = YES;
				CLANG_WARN_COMMA = YES;
				CLANG_WARN_CONSTANT_CONVERSION = YES;
				CLANG_WARN_DEPRECATED_OBJC_IMPLEMENTATIONS = YES;
				CLANG_WARN_DIRECT_OBJC_ISA_USAGE = YES_ERROR;
				CLANG_WARN_DOCUMENTATION_COMMENTS = YES;
				CLANG_WARN_EMPTY_BODY = YES;
				CLANG_WARN_ENUM_CONVERSION = YES;
				CLANG_WARN_INFINITE_RECURSION = YES;
				CLANG_WARN_INT_CONVERSION = YES;
				CLANG_WARN_NON_LITERAL_NULL_CONVERSION = YES;
				CLANG_WARN_OBJC_IMPLICIT_RETAIN_SELF = YES;
				CLANG_WARN_OBJC_LITERAL_CONVERSION = YES;
				CLANG_WARN_OBJC_ROOT_CLASS = YES_ERROR;
				CLANG_WARN_QUOTED_INCLUDE_IN_FRAMEWORK_HEADER = YES;
				CLANG_WARN_RANGE_LOOP_ANALYSIS = YES;
				CLANG_WARN_STRICT_PROTOTYPES = YES;
				CLANG_WARN_SUSPICIOUS_MOVE = YES;
				CLANG_WARN_UNGUARDED_AVAILABILITY = YES_AGGRESSIVE;
				CLANG_WARN_UNREACHABLE_CODE = YES;
				CLANG_WARN__DUPLICATE_METHOD_MATCH = YES;
				COPY_PHASE_STRIP = NO;
				DEBUG_INFORMATION_FORMAT = "dwarf-with-dsym";
				DEVELOPMENT_TEAM = YXXWV4ZNFS;
				ENABLE_NS_ASSERTIONS = NO;
				ENABLE_STRICT_OBJC_MSGSEND = YES;
				ENABLE_USER_SCRIPT_SANDBOXING = YES;
				GCC_C_LANGUAGE_STANDARD = gnu17;
				GCC_NO_COMMON_BLOCKS = YES;
				GCC_WARN_64_TO_32_BIT_CONVERSION = YES;
				GCC_WARN_ABOUT_RETURN_TYPE = YES_ERROR;
				GCC_WARN_UNDECLARED_SELECTOR = YES;
				GCC_WARN_UNINITIALIZED_AUTOS = YES_AGGRESSIVE;
				GCC_WARN_UNUSED_FUNCTION = YES;
				GCC_WARN_UNUSED_VARIABLE = YES;
				IPHONEOS_DEPLOYMENT_TARGET = 18.5;
				LOCALIZATION_PREFERS_STRING_CATALOGS = YES;
				MTL_ENABLE_DEBUG_INFO = NO;
				MTL_FAST_MATH = YES;
				SDKROOT = iphoneos;
				SWIFT_COMPILATION_MODE = wholemodule;
				VALIDATE_PRODUCT = YES;
			};
			name = Release;
		};
		5E0741A82EA21015007F844F /* Debug */ = {
			isa = XCBuildConfiguration;
			buildSettings = {
				ASSETCATALOG_COMPILER_APPICON_NAME = AppIcon;
				ASSETCATALOG_COMPILER_GLOBAL_ACCENT_COLOR_NAME = AccentColor;
				CODE_SIGN_ENTITLEMENTS = Taqvo/Taqvo.entitlements;
				CODE_SIGN_STYLE = Automatic;
				CURRENT_PROJECT_VERSION = 1;
				DEVELOPMENT_TEAM = YXXWV4ZNFS;
				ENABLE_PREVIEWS = YES;
				GENERATE_INFOPLIST_FILE = NO;
				INFOPLIST_FILE = Taqvo/Info.plist;
				INFOPLIST_KEY_CFBundleDisplayName = "";
				INFOPLIST_KEY_LSApplicationCategoryType = "";
				INFOPLIST_KEY_NSHealthShareUsageDescription = "Allows reading workouts and health metrics for insights";
				INFOPLIST_KEY_NSHealthUpdateUsageDescription = "Used to save your workouts to Health";
				INFOPLIST_KEY_NSLocationAlwaysAndWhenInUseUsageDescription = "Supports continuous tracking for long activities";
				INFOPLIST_KEY_NSLocationWhenInUseUsageDescription = "Used to track your route and pace during activity";
				INFOPLIST_KEY_NSMotionUsageDescription = "Used for step counting and motion insights during activity";
				INFOPLIST_KEY_UIApplicationSceneManifest_Generation = YES;
				INFOPLIST_KEY_UIApplicationSupportsIndirectInputEvents = YES;
				INFOPLIST_KEY_UILaunchScreen_Generation = YES;
				INFOPLIST_KEY_UISupportedInterfaceOrientations_iPad = "UIInterfaceOrientationPortrait UIInterfaceOrientationPortraitUpsideDown UIInterfaceOrientationLandscapeLeft UIInterfaceOrientationLandscapeRight";
				INFOPLIST_KEY_UISupportedInterfaceOrientations_iPhone = "UIInterfaceOrientationPortrait UIInterfaceOrientationLandscapeLeft UIInterfaceOrientationLandscapeRight";
				LD_RUNPATH_SEARCH_PATHS = (
					"$(inherited)",
					"@executable_path/Frameworks",
				);
				MARKETING_VERSION = 1.0;
				PRODUCT_BUNDLE_IDENTIFIER = "com.juan-oclock.taqvo.Taqvo";
				PRODUCT_NAME = "$(TARGET_NAME)";
				SWIFT_EMIT_LOC_STRINGS = YES;
				SWIFT_VERSION = 5.0;
				TARGETED_DEVICE_FAMILY = "1,2";
			};
			name = Debug;
		};
		5E0741A92EA21015007F844F /* Release */ = {
			isa = XCBuildConfiguration;
			buildSettings = {
				ASSETCATALOG_COMPILER_APPICON_NAME = AppIcon;
				ASSETCATALOG_COMPILER_GLOBAL_ACCENT_COLOR_NAME = AccentColor;
				CODE_SIGN_ENTITLEMENTS = Taqvo/Taqvo.entitlements;
				CODE_SIGN_STYLE = Automatic;
				CURRENT_PROJECT_VERSION = 1;
				DEVELOPMENT_TEAM = YXXWV4ZNFS;
				ENABLE_PREVIEWS = YES;
				GENERATE_INFOPLIST_FILE = NO;
				INFOPLIST_FILE = Taqvo/Info.plist;
				INFOPLIST_KEY_CFBundleDisplayName = "";
				INFOPLIST_KEY_LSApplicationCategoryType = "";
				INFOPLIST_KEY_NSHealthShareUsageDescription = "Allows reading workouts and health metrics for insights";
				INFOPLIST_KEY_NSHealthUpdateUsageDescription = "Used to save your workouts to Health";
				INFOPLIST_KEY_NSLocationAlwaysAndWhenInUseUsageDescription = "Supports continuous tracking for long activities";
				INFOPLIST_KEY_NSLocationWhenInUseUsageDescription = "Used to track your route and pace during activity";
				INFOPLIST_KEY_NSMotionUsageDescription = "Used for step counting and motion insights during activity";
				INFOPLIST_KEY_UIApplicationSceneManifest_Generation = YES;
				INFOPLIST_KEY_UIApplicationSupportsIndirectInputEvents = YES;
				INFOPLIST_KEY_UILaunchScreen_Generation = YES;
				INFOPLIST_KEY_UISupportedInterfaceOrientations_iPad = "UIInterfaceOrientationPortrait UIInterfaceOrientationPortraitUpsideDown UIInterfaceOrientationLandscapeLeft UIInterfaceOrientationLandscapeRight";
				INFOPLIST_KEY_UISupportedInterfaceOrientations_iPhone = "UIInterfaceOrientationPortrait UIInterfaceOrientationLandscapeLeft UIInterfaceOrientationLandscapeRight";
				LD_RUNPATH_SEARCH_PATHS = (
					"$(inherited)",
					"@executable_path/Frameworks",
				);
				MARKETING_VERSION = 1.0;
				PRODUCT_BUNDLE_IDENTIFIER = "com.juan-oclock.taqvo.Taqvo";
				PRODUCT_NAME = "$(TARGET_NAME)";
				SWIFT_EMIT_LOC_STRINGS = YES;
				SWIFT_VERSION = 5.0;
				TARGETED_DEVICE_FAMILY = "1,2";
			};
			name = Release;
		};
		5E0741AB2EA21015007F844F /* Debug */ = {
			isa = XCBuildConfiguration;
			buildSettings = {
				BUNDLE_LOADER = "$(TEST_HOST)";
				CODE_SIGN_STYLE = Automatic;
				CURRENT_PROJECT_VERSION = 1;
				DEVELOPMENT_TEAM = YXXWV4ZNFS;
				GENERATE_INFOPLIST_FILE = YES;
				IPHONEOS_DEPLOYMENT_TARGET = 18.5;
				MARKETING_VERSION = 1.0;
				PRODUCT_BUNDLE_IDENTIFIER = "com.juan-oclock.taqvo.TaqvoTests";
				PRODUCT_NAME = "$(TARGET_NAME)";
				SWIFT_EMIT_LOC_STRINGS = NO;
				SWIFT_VERSION = 5.0;
				TARGETED_DEVICE_FAMILY = "1,2";
				TEST_HOST = "$(BUILT_PRODUCTS_DIR)/Taqvo.app/$(BUNDLE_EXECUTABLE_FOLDER_PATH)/Taqvo";
			};
			name = Debug;
		};
		5E0741AC2EA21015007F844F /* Release */ = {
			isa = XCBuildConfiguration;
			buildSettings = {
				BUNDLE_LOADER = "$(TEST_HOST)";
				CODE_SIGN_STYLE = Automatic;
				CURRENT_PROJECT_VERSION = 1;
				DEVELOPMENT_TEAM = YXXWV4ZNFS;
				GENERATE_INFOPLIST_FILE = YES;
				IPHONEOS_DEPLOYMENT_TARGET = 18.5;
				MARKETING_VERSION = 1.0;
				PRODUCT_BUNDLE_IDENTIFIER = "com.juan-oclock.taqvo.TaqvoTests";
				PRODUCT_NAME = "$(TARGET_NAME)";
				SWIFT_EMIT_LOC_STRINGS = NO;
				SWIFT_VERSION = 5.0;
				TARGETED_DEVICE_FAMILY = "1,2";
				TEST_HOST = "$(BUILT_PRODUCTS_DIR)/Taqvo.app/$(BUNDLE_EXECUTABLE_FOLDER_PATH)/Taqvo";
			};
			name = Release;
		};
		5E0741AE2EA21015007F844F /* Debug */ = {
			isa = XCBuildConfiguration;
			buildSettings = {
				CODE_SIGN_STYLE = Automatic;
				CURRENT_PROJECT_VERSION = 1;
				DEVELOPMENT_TEAM = YXXWV4ZNFS;
				GENERATE_INFOPLIST_FILE = YES;
				MARKETING_VERSION = 1.0;
				PRODUCT_BUNDLE_IDENTIFIER = "com.juan-oclock.taqvo.TaqvoUITests";
				PRODUCT_NAME = "$(TARGET_NAME)";
				SWIFT_EMIT_LOC_STRINGS = NO;
				SWIFT_VERSION = 5.0;
				TARGETED_DEVICE_FAMILY = "1,2";
				TEST_TARGET_NAME = Taqvo;
			};
			name = Debug;
		};
		5E0741AF2EA21015007F844F /* Release */ = {
			isa = XCBuildConfiguration;
			buildSettings = {
				CODE_SIGN_STYLE = Automatic;
				CURRENT_PROJECT_VERSION = 1;
				DEVELOPMENT_TEAM = YXXWV4ZNFS;
				GENERATE_INFOPLIST_FILE = YES;
				MARKETING_VERSION = 1.0;
				PRODUCT_BUNDLE_IDENTIFIER = "com.juan-oclock.taqvo.TaqvoUITests";
				PRODUCT_NAME = "$(TARGET_NAME)";
				SWIFT_EMIT_LOC_STRINGS = NO;
				SWIFT_VERSION = 5.0;
				TARGETED_DEVICE_FAMILY = "1,2";
				TEST_TARGET_NAME = Taqvo;
			};
			name = Release;
		};
/* End XCBuildConfiguration section */

/* Begin XCConfigurationList section */
		5E0741812EA21014007F844F /* Build configuration list for PBXProject "Taqvo" */ = {
			isa = XCConfigurationList;
			buildConfigurations = (
				5E0741A52EA21015007F844F /* Debug */,
				5E0741A62EA21015007F844F /* Release */,
			);
			defaultConfigurationIsVisible = 0;
			defaultConfigurationName = Release;
		};
		5E0741A72EA21015007F844F /* Build configuration list for PBXNativeTarget "Taqvo" */ = {
			isa = XCConfigurationList;
			buildConfigurations = (
				5E0741A82EA21015007F844F /* Debug */,
				5E0741A92EA21015007F844F /* Release */,
			);
			defaultConfigurationIsVisible = 0;
			defaultConfigurationName = Release;
		};
		5E0741AA2EA21015007F844F /* Build configuration list for PBXNativeTarget "TaqvoTests" */ = {
			isa = XCConfigurationList;
			buildConfigurations = (
				5E0741AB2EA21015007F844F /* Debug */,
				5E0741AC2EA21015007F844F /* Release */,
			);
			defaultConfigurationIsVisible = 0;
			defaultConfigurationName = Release;
		};
		5E0741AD2EA21015007F844F /* Build configuration list for PBXNativeTarget "TaqvoUITests" */ = {
			isa = XCConfigurationList;
			buildConfigurations = (
				5E0741AE2EA21015007F844F /* Debug */,
				5E0741AF2EA21015007F844F /* Release */,
			);
			defaultConfigurationIsVisible = 0;
			defaultConfigurationName = Release;
		};
/* End XCConfigurationList section */
	};
	rootObject = 5E07417E2EA21014007F844F /* Project object */;
}
